
Microsoft Visual Studio Solution File, Format Version 12.00
# Visual Studio Version 16
VisualStudioVersion = 16.0.29020.237
MinimumVisualStudioVersion = 10.0.40219.1
Project("{FAE04EC0-301F-11D3-BF4B-00C04F79EFBC}") = "SNTPClient", "SNTPClient.csproj", "{4AFF1092-E33B-4AF3-8EFA-34E79152E53D}"
EndProject
Global
	GlobalSection(SolutionConfigurationPlatforms) = preSolution
		Debug|Any CPU = Debug|Any CPU
		Release|Any CPU = Release|Any CPU
	EndGlobalSection
	GlobalSection(ProjectConfigurationPlatforms) = postSolution
		{4AFF1092-E33B-4AF3-8EFA-34E79152E53D}.Debug|Any CPU.ActiveCfg = Debug|Any CPU
		{4AFF1092-E33B-4AF3-8EFA-34E79152E53D}.Debug|Any CPU.Build.0 = Debug|Any CPU
		{4AFF1092-E33B-4AF3-8EFA-34E79152E53D}.Release|Any CPU.ActiveCfg = Release|Any CPU
		{4AFF1092-E33B-4AF3-8EFA-34E79152E53D}.Release|Any CPU.Build.0 = Release|Any CPU
	EndGlobalSection
	GlobalSection(SolutionProperties) = preSolution
		HideSolutionNode = FALSE
	EndGlobalSection
	GlobalSection(ExtensibilityGlobals) = postSolution
		SolutionGuid = {AE5E9046-6213-41BD-9B18-988AD03EFB25}
	EndGlobalSection
EndGlobal
